
Microsoft Visual Studio Solution File, Format Version 12.00
# Visual Studio Version 17
VisualStudioVersion = 17.8.34511.84
MinimumVisualStudioVersion = 10.0.40219.1
Project("{FAE04EC0-301F-11D3-BF4B-00C04F79EFBC}") = "OpenXmlTest", "OpenXmlTest\OpenXmlTest.csproj", "{CF560E25-ECF1-4F85-87A9-6CDF5E3CD562}"
EndProject
Global
	GlobalSection(SolutionConfigurationPlatforms) = preSolution
		Debug|Any CPU = Debug|Any CPU
		Release|Any CPU = Release|Any CPU
	EndGlobalSection
	GlobalSection(ProjectConfigurationPlatforms) = postSolution
		{CF560E25-ECF1-4F85-87A9-6CDF5E3CD562}.Debug|Any CPU.ActiveCfg = Debug|Any CPU
		{CF560E25-ECF1-4F85-87A9-6CDF5E3CD562}.Debug|Any CPU.Build.0 = Debug|Any CPU
		{CF560E25-ECF1-4F85-87A9-6CDF5E3CD562}.Release|Any CPU.ActiveCfg = Release|Any CPU
		{CF560E25-ECF1-4F85-87A9-6CDF5E3CD562}.Release|Any CPU.Build.0 = Release|Any CPU
	EndGlobalSection
	GlobalSection(SolutionProperties) = preSolution
		HideSolutionNode = FALSE
	EndGlobalSection
	GlobalSection(ExtensibilityGlobals) = postSolution
		SolutionGuid = {2B37BD46-DCC5-45F8-90CE-DFF0F62F92D4}
	EndGlobalSection
EndGlobal
