
Microsoft Visual Studio Solution File, Format Version 12.00
# Visual Studio Version 17
VisualStudioVersion = 17.8.34511.84
MinimumVisualStudioVersion = 10.0.40219.1
Project("{FAE04EC0-301F-11D3-BF4B-00C04F79EFBC}") = "StateTaxService.AIAT.Inventory", "StateTaxService.AIAT.Inventory\StateTaxService.AIAT.Inventory.csproj", "{4DF757FF-19E7-4616-A521-5B9F8A014121}"
EndProject
Global
	GlobalSection(SolutionConfigurationPlatforms) = preSolution
		Debug|Any CPU = Debug|Any CPU
		Release|Any CPU = Release|Any CPU
	EndGlobalSection
	GlobalSection(ProjectConfigurationPlatforms) = postSolution
		{4DF757FF-19E7-4616-A521-5B9F8A014121}.Debug|Any CPU.ActiveCfg = Debug|Any CPU
		{4DF757FF-19E7-4616-A521-5B9F8A014121}.Debug|Any CPU.Build.0 = Debug|Any CPU
		{4DF757FF-19E7-4616-A521-5B9F8A014121}.Release|Any CPU.ActiveCfg = Release|Any CPU
		{4DF757FF-19E7-4616-A521-5B9F8A014121}.Release|Any CPU.Build.0 = Release|Any CPU
	EndGlobalSection
	GlobalSection(SolutionProperties) = preSolution
		HideSolutionNode = FALSE
	EndGlobalSection
	GlobalSection(ExtensibilityGlobals) = postSolution
		SolutionGuid = {04B6673C-1EC2-4033-B38E-620710FD81D1}
	EndGlobalSection
EndGlobal
