
Microsoft Visual Studio Solution File, Format Version 12.00
# Visual Studio Version 17
VisualStudioVersion = 17.8.34511.84
MinimumVisualStudioVersion = 10.0.40219.1
Project("{FAE04EC0-301F-11D3-BF4B-00C04F79EFBC}") = "dockertest", "dockertest\dockertest.csproj", "{F9AE47C4-16D3-47DA-A699-82127177499A}"
EndProject
Global
	GlobalSection(SolutionConfigurationPlatforms) = preSolution
		Debug|Any CPU = Debug|Any CPU
		Release|Any CPU = Release|Any CPU
	EndGlobalSection
	GlobalSection(ProjectConfigurationPlatforms) = postSolution
		{F9AE47C4-16D3-47DA-A699-82127177499A}.Debug|Any CPU.ActiveCfg = Debug|Any CPU
		{F9AE47C4-16D3-47DA-A699-82127177499A}.Debug|Any CPU.Build.0 = Debug|Any CPU
		{F9AE47C4-16D3-47DA-A699-82127177499A}.Release|Any CPU.ActiveCfg = Release|Any CPU
		{F9AE47C4-16D3-47DA-A699-82127177499A}.Release|Any CPU.Build.0 = Release|Any CPU
	EndGlobalSection
	GlobalSection(SolutionProperties) = preSolution
		HideSolutionNode = FALSE
	EndGlobalSection
	GlobalSection(ExtensibilityGlobals) = postSolution
		SolutionGuid = {873CCC8B-6E8A-411A-AA7B-6E7FDC8C3689}
	EndGlobalSection
EndGlobal
