
Microsoft Visual Studio Solution File, Format Version 12.00
# Visual Studio Version 17
VisualStudioVersion = 17.8.34511.84
MinimumVisualStudioVersion = 10.0.40219.1
Project("{FAE04EC0-301F-11D3-BF4B-00C04F79EFBC}") = "BlogWebSite", "BlogWebSite\BlogWebSite.csproj", "{6D216706-41B4-476C-9300-053ADA2C53B6}"
EndProject
Global
	GlobalSection(SolutionConfigurationPlatforms) = preSolution
		Debug|Any CPU = Debug|Any CPU
		Release|Any CPU = Release|Any CPU
	EndGlobalSection
	GlobalSection(ProjectConfigurationPlatforms) = postSolution
		{6D216706-41B4-476C-9300-053ADA2C53B6}.Debug|Any CPU.ActiveCfg = Debug|Any CPU
		{6D216706-41B4-476C-9300-053ADA2C53B6}.Debug|Any CPU.Build.0 = Debug|Any CPU
		{6D216706-41B4-476C-9300-053ADA2C53B6}.Release|Any CPU.ActiveCfg = Release|Any CPU
		{6D216706-41B4-476C-9300-053ADA2C53B6}.Release|Any CPU.Build.0 = Release|Any CPU
	EndGlobalSection
	GlobalSection(SolutionProperties) = preSolution
		HideSolutionNode = FALSE
	EndGlobalSection
	GlobalSection(ExtensibilityGlobals) = postSolution
		SolutionGuid = {27E01647-91B1-4118-A50B-B68818D8812A}
	EndGlobalSection
EndGlobal
