
Microsoft Visual Studio Solution File, Format Version 12.00
# Visual Studio Version 17
VisualStudioVersion = 17.8.34511.84
MinimumVisualStudioVersion = 10.0.40219.1
Project("{FAE04EC0-301F-11D3-BF4B-00C04F79EFBC}") = "TodoList.Core", "TodoList.Core\TodoList.Core.csproj", "{0971C04F-4BEA-4F53-AA8C-F665D055D949}"
EndProject
Global
	GlobalSection(SolutionConfigurationPlatforms) = preSolution
		Debug|Any CPU = Debug|Any CPU
		Release|Any CPU = Release|Any CPU
	EndGlobalSection
	GlobalSection(ProjectConfigurationPlatforms) = postSolution
		{0971C04F-4BEA-4F53-AA8C-F665D055D949}.Debug|Any CPU.ActiveCfg = Debug|Any CPU
		{0971C04F-4BEA-4F53-AA8C-F665D055D949}.Debug|Any CPU.Build.0 = Debug|Any CPU
		{0971C04F-4BEA-4F53-AA8C-F665D055D949}.Release|Any CPU.ActiveCfg = Release|Any CPU
		{0971C04F-4BEA-4F53-AA8C-F665D055D949}.Release|Any CPU.Build.0 = Release|Any CPU
	EndGlobalSection
	GlobalSection(SolutionProperties) = preSolution
		HideSolutionNode = FALSE
	EndGlobalSection
	GlobalSection(ExtensibilityGlobals) = postSolution
		SolutionGuid = {895D0563-FEC4-46BF-8C90-4C354390C484}
	EndGlobalSection
EndGlobal
